Microsoft Visual Studio Solution File, Format Version 12.00
# Visual Studio Version 17
VisualStudioVersion = 17.0.31903.59
MinimumVisualStudioVersion = 10.0.40219.1
Project("{FAE04EC0-301F-11D3-BF4B-00C04F79EFBC}") = "Core.Localization", "src\Core.Localization\Core.Localization.csproj", "{8D7BA60F-6D5E-4E0B-8E5D-C00B8D5E7F55}"
EndProject
Project("{FAE04EC0-301F-11D3-BF4B-00C04F79EFBC}") = "Core.Localization.Tests", "src\Core.Localization.Tests\Core.Localization.Tests.csproj", "{7D6BA60F-7D5E-4E0B-8E5D-C00B8D5E7F66}"
EndProject
Project("{FAE04EC0-301F-11D3-BF4B-00C04F79EFBC}") = "LocalizationDemo", "samples\LocalizationDemo\LocalizationDemo.csproj", "{5E41A1C6-39BB-09AD-1416-3327E1298DC9}"
EndProject
Global
	GlobalSection(SolutionConfigurationPlatforms) = preSolution
		Debug|Any CPU = Debug|Any CPU
		Release|Any CPU = Release|Any CPU
	EndGlobalSection
	GlobalSection(ProjectConfigurationPlatforms) = postSolution
		{8D7BA60F-6D5E-4E0B-8E5D-C00B8D5E7F55}.Debug|Any CPU.ActiveCfg = Debug|Any CPU
		{8D7BA60F-6D5E-4E0B-8E5D-C00B8D5E7F55}.Debug|Any CPU.Build.0 = Debug|Any CPU
		{8D7BA60F-6D5E-4E0B-8E5D-C00B8D5E7F55}.Release|Any CPU.ActiveCfg = Release|Any CPU
		{8D7BA60F-6D5E-4E0B-8E5D-C00B8D5E7F55}.Release|Any CPU.Build.0 = Release|Any CPU
		{7D6BA60F-7D5E-4E0B-8E5D-C00B8D5E7F66}.Debug|Any CPU.ActiveCfg = Debug|Any CPU
		{7D6BA60F-7D5E-4E0B-8E5D-C00B8D5E7F66}.Debug|Any CPU.Build.0 = Debug|Any CPU
		{7D6BA60F-7D5E-4E0B-8E5D-C00B8D5E7F66}.Release|Any CPU.ActiveCfg = Release|Any CPU
		{7D6BA60F-7D5E-4E0B-8E5D-C00B8D5E7F66}.Release|Any CPU.Build.0 = Release|Any CPU
		{5E41A1C6-39BB-09AD-1416-3327E1298DC9}.Debug|Any CPU.ActiveCfg = Debug|Any CPU
		{5E41A1C6-39BB-09AD-1416-3327E1298DC9}.Debug|Any CPU.Build.0 = Debug|Any CPU
		{5E41A1C6-39BB-09AD-1416-3327E1298DC9}.Release|Any CPU.ActiveCfg = Release|Any CPU
		{5E41A1C6-39BB-09AD-1416-3327E1298DC9}.Release|Any CPU.Build.0 = Release|Any CPU
	EndGlobalSection
	GlobalSection(SolutionProperties) = preSolution
		HideSolutionNode = FALSE
	EndGlobalSection
	GlobalSection(ExtensibilityGlobals) = postSolution
		SolutionGuid = {483FDAAC-8F7D-4023-A81D-807B4FB1DFC4}
	EndGlobalSection
EndGlobal
